{
  "requires": true,
  "lockfileVersion": 1,
  "dependencies": {
    "fsevents": {
      "version": "2.1.2",
      "resolved": "https://registry.npmjs.org/fsevents/-/fsevents-2.1.2.tgz",
      "integrity": "sha512-R4wDiBwZ0KzpgOWetKDug1FZcYhqYnUYKtfZYt4mD5SBz76q0KR4Q9o7GIPamsVPGmW3EYPPJ0dOOjvx32ldZA==",
      "dev": true,
      "optional": true
    },
    "rollup": {
      "version": "2.0.2",
      "resolved": "https://registry.npmjs.org/rollup/-/rollup-2.0.2.tgz",
      "integrity": "sha512-99VIc2DHm+HEhdla2ASH/LaomWS3v7RDANamD65w24TQTNVs3vtRM+oiFsP4KvUCri5+p5Q5xoXscUnIdE8gJA==",
      "dev": true,
      "requires": {
        "fsevents": "~2.1.2"
      }
    }
  }
}
